
Microsoft Visual Studio Solution File, Format Version 12.00
# Visual Studio Version 16
VisualStudioVersion = 16.0.31515.178
MinimumVisualStudioVersion = 10.0.40219.1
Project("{FAE04EC0-301F-11D3-BF4B-00C04F79EFBC}") = "Web", "Web\Web.csproj", "{0B64E22D-B101-4169-8F7F-F61B887E91DE}"
EndProject
Project("{FAE04EC0-301F-11D3-BF4B-00C04F79EFBC}") = "Core", "Core\Core.csproj", "{9B8DEBA1-4785-4835-9764-BF6466AEFFAC}"
EndProject
Project("{FAE04EC0-301F-11D3-BF4B-00C04F79EFBC}") = "Infrastracture", "Infrastracture\Infrastracture.csproj", "{0CBB3B90-9EFD-402B-8724-A1ADB211828E}"
EndProject
Global
	GlobalSection(SolutionConfigurationPlatforms) = preSolution
		Debug|Any CPU = Debug|Any CPU
		Release|Any CPU = Release|Any CPU
	EndGlobalSection
	GlobalSection(ProjectConfigurationPlatforms) = postSolution
		{0B64E22D-B101-4169-8F7F-F61B887E91DE}.Debug|Any CPU.ActiveCfg = Debug|Any CPU
		{0B64E22D-B101-4169-8F7F-F61B887E91DE}.Debug|Any CPU.Build.0 = Debug|Any CPU
		{0B64E22D-B101-4169-8F7F-F61B887E91DE}.Release|Any CPU.ActiveCfg = Release|Any CPU
		{0B64E22D-B101-4169-8F7F-F61B887E91DE}.Release|Any CPU.Build.0 = Release|Any CPU
		{9B8DEBA1-4785-4835-9764-BF6466AEFFAC}.Debug|Any CPU.ActiveCfg = Debug|Any CPU
		{9B8DEBA1-4785-4835-9764-BF6466AEFFAC}.Debug|Any CPU.Build.0 = Debug|Any CPU
		{9B8DEBA1-4785-4835-9764-BF6466AEFFAC}.Release|Any CPU.ActiveCfg = Release|Any CPU
		{9B8DEBA1-4785-4835-9764-BF6466AEFFAC}.Release|Any CPU.Build.0 = Release|Any CPU
		{0CBB3B90-9EFD-402B-8724-A1ADB211828E}.Debug|Any CPU.ActiveCfg = Debug|Any CPU
		{0CBB3B90-9EFD-402B-8724-A1ADB211828E}.Debug|Any CPU.Build.0 = Debug|Any CPU
		{0CBB3B90-9EFD-402B-8724-A1ADB211828E}.Release|Any CPU.ActiveCfg = Release|Any CPU
		{0CBB3B90-9EFD-402B-8724-A1ADB211828E}.Release|Any CPU.Build.0 = Release|Any CPU
	EndGlobalSection
	GlobalSection(SolutionProperties) = preSolution
		HideSolutionNode = FALSE
	EndGlobalSection
	GlobalSection(ExtensibilityGlobals) = postSolution
		SolutionGuid = {EEACE630-6EA6-45D5-9B2C-F52A188BC932}
	EndGlobalSection
EndGlobal
